
Microsoft Visual Studio Solution File, Format Version 12.00
# Visual Studio 15
VisualStudioVersion = 15.0.28307.572
MinimumVisualStudioVersion = 10.0.40219.1
Project("{FAE04EC0-301F-11D3-BF4B-00C04F79EFBC}") = "NoamCurrencyExchange", "NoamCurrencyExchange\NoamCurrencyExchange.csproj", "{B3D9F196-83B9-4F4D-87BA-3EB594AAE2FA}"
EndProject
Global
	GlobalSection(SolutionConfigurationPlatforms) = preSolution
		Debug|Any CPU = Debug|Any CPU
		Release|Any CPU = Release|Any CPU
	EndGlobalSection
	GlobalSection(ProjectConfigurationPlatforms) = postSolution
		{B3D9F196-83B9-4F4D-87BA-3EB594AAE2FA}.Debug|Any CPU.ActiveCfg = Debug|Any CPU
		{B3D9F196-83B9-4F4D-87BA-3EB594AAE2FA}.Debug|Any CPU.Build.0 = Debug|Any CPU
		{B3D9F196-83B9-4F4D-87BA-3EB594AAE2FA}.Release|Any CPU.ActiveCfg = Release|Any CPU
		{B3D9F196-83B9-4F4D-87BA-3EB594AAE2FA}.Release|Any CPU.Build.0 = Release|Any CPU
	EndGlobalSection
	GlobalSection(SolutionProperties) = preSolution
		HideSolutionNode = FALSE
	EndGlobalSection
	GlobalSection(ExtensibilityGlobals) = postSolution
		SolutionGuid = {7530F486-9AF8-4E3D-9AAC-1380B5A663E5}
	EndGlobalSection
EndGlobal
